
Microsoft Visual Studio Solution File, Format Version 12.00
# Visual Studio Version 17
VisualStudioVersion = 17.0.32014.148
MinimumVisualStudioVersion = 10.0.40219.1
Project("{FAE04EC0-301F-11D3-BF4B-00C04F79EFBC}") = "LaskinOhjelma", "LaskinOhjelma\LaskinOhjelma.csproj", "{99BE07A1-2AF0-4473-A2A3-96F10D346CE1}"
EndProject
Global
	GlobalSection(SolutionConfigurationPlatforms) = preSolution
		Debug|Any CPU = Debug|Any CPU
		Release|Any CPU = Release|Any CPU
	EndGlobalSection
	GlobalSection(ProjectConfigurationPlatforms) = postSolution
		{99BE07A1-2AF0-4473-A2A3-96F10D346CE1}.Debug|Any CPU.ActiveCfg = Debug|Any CPU
		{99BE07A1-2AF0-4473-A2A3-96F10D346CE1}.Debug|Any CPU.Build.0 = Debug|Any CPU
		{99BE07A1-2AF0-4473-A2A3-96F10D346CE1}.Release|Any CPU.ActiveCfg = Release|Any CPU
		{99BE07A1-2AF0-4473-A2A3-96F10D346CE1}.Release|Any CPU.Build.0 = Release|Any CPU
	EndGlobalSection
	GlobalSection(SolutionProperties) = preSolution
		HideSolutionNode = FALSE
	EndGlobalSection
	GlobalSection(ExtensibilityGlobals) = postSolution
		SolutionGuid = {E8F921B7-4C87-4287-8BCF-B7B2D7C17F33}
	EndGlobalSection
EndGlobal
