
Microsoft Visual Studio Solution File, Format Version 12.00
# Visual Studio Version 17
VisualStudioVersion = 17.0.32112.339
MinimumVisualStudioVersion = 10.0.40219.1
Project("{FAE04EC0-301F-11D3-BF4B-00C04F79EFBC}") = "JarkonNotepad", "JarkonNotepad\JarkonNotepad.csproj", "{F00C510A-F79C-49A7-9DA6-7D01D0A36F7F}"
EndProject
Global
	GlobalSection(SolutionConfigurationPlatforms) = preSolution
		Debug|Any CPU = Debug|Any CPU
		Release|Any CPU = Release|Any CPU
	EndGlobalSection
	GlobalSection(ProjectConfigurationPlatforms) = postSolution
		{F00C510A-F79C-49A7-9DA6-7D01D0A36F7F}.Debug|Any CPU.ActiveCfg = Debug|Any CPU
		{F00C510A-F79C-49A7-9DA6-7D01D0A36F7F}.Debug|Any CPU.Build.0 = Debug|Any CPU
		{F00C510A-F79C-49A7-9DA6-7D01D0A36F7F}.Release|Any CPU.ActiveCfg = Release|Any CPU
		{F00C510A-F79C-49A7-9DA6-7D01D0A36F7F}.Release|Any CPU.Build.0 = Release|Any CPU
	EndGlobalSection
	GlobalSection(SolutionProperties) = preSolution
		HideSolutionNode = FALSE
	EndGlobalSection
	GlobalSection(ExtensibilityGlobals) = postSolution
		SolutionGuid = {A1207687-08BA-4E22-9DCB-18AD81C570DF}
	EndGlobalSection
EndGlobal
